<?xml version="1.0" encoding="UTF-8" standalone="yes" ?>
<CodeBlocks_project_file>
	<FileVersion major="1" minor="6" />
	<Project>
		<Option title="tp-heritage" />
		<Option makefile="makefile" />
		<Option pch_mode="2" />
		<Option compiler="gcc" />
		<Build>
			<Target title="Debug">
				<Option output="bin/Debug/tp-heritage" prefix_auto="1" extension_auto="1" />
				<Option object_output="obj/Debug/" />
				<Option type="1" />
				<Option compiler="gcc" />
				<Compiler>
					<Add option="-g" />
				</Compiler>
			</Target>
		</Build>
		<Compiler>
			<Add option="-Wall" />
			<Add option="-fexceptions" />
		</Compiler>
		<Unit filename="Application.cpp" />
		<Unit filename="Application.h" />
		<Unit filename="Circle.cpp" />
		<Unit filename="Circle.h" />
		<Unit filename="Figure.cpp" />
		<Unit filename="Figure.h" />
		<Unit filename="Line.cpp" />
		<Unit filename="Line.h" />
		<Unit filename="Main.cpp" />
		<Unit filename="Point.cpp" />
		<Unit filename="Point.h" />
		<Unit filename="Polyline.cpp" />
		<Unit filename="Polyline.h" />
		<Unit filename="Rectangle.cpp" />
		<Unit filename="Rectangle.h" />
		<Unit filename="Selection.cpp" />
		<Unit filename="Selection.h" />
		<Unit filename="Shape.cpp" />
		<Unit filename="Shape.h" />
		<Unit filename="UnitTests/TCircle.cpp" />
		<Unit filename="UnitTests/TCircle.h" />
		<Unit filename="UnitTests/TFigure.cpp" />
		<Unit filename="UnitTests/TFigure.h" />
		<Unit filename="UnitTests/TLine.cpp" />
		<Unit filename="UnitTests/TLine.h" />
		<Unit filename="UnitTests/TPolyline.cpp" />
		<Unit filename="UnitTests/TPolyline.h" />
		<Unit filename="UnitTests/TRectangle.cpp" />
		<Unit filename="UnitTests/TRectangle.h" />
		<Unit filename="UnitTests/TSelection.cpp" />
		<Unit filename="UnitTests/TSelection.h" />
		<Extensions>
			<code_completion />
			<envvars />
			<debugger />
			<lib_finder disable_auto="1" />
		</Extensions>
	</Project>
</CodeBlocks_project_file>
